PODS:
  - ReactiveCocoa (2.3.1):
    - ReactiveCocoa/UI (= 2.3.1)
  - ReactiveCocoa/Core (2.3.1):
    - ReactiveCocoa/no-arc
  - ReactiveCocoa/no-arc (2.3.1)
  - ReactiveCocoa/UI (2.3.1):
    - ReactiveCocoa/Core

DEPENDENCIES:
  - ReactiveCocoa (= 2.3.1)

SPEC CHECKSUMS:
  ReactiveCocoa: 3fe9b233ca6db810e86681b5749488564c1179a1

PODFILE CHECKSUM: 6f14710ab818efba6302fd8c34ac244803042415

COCOAPODS: 1.1.1
